
Microsoft Visual Studio Solution File, Format Version 12.00
# Visual Studio Version 18
VisualStudioVersion = 18.2.11415.280
MinimumVisualStudioVersion = 10.0.40219.1
Project("{9A19103F-16F7-4668-BE54-9A1E7A4F7556}") = "Console.Logging.NLog", "Console.Logging.NLog\Console.Logging.NLog.csproj", "{C563A416-5EDD-4228-B8C7-B5AFEC141466}"
EndProject
Project("{2150E333-8FDC-42A3-9474-1A3956D46DE8}") = ".solution", ".solution", "{F9091FFF-8BDF-4447-A4CC-19ACF2F783A3}"
	ProjectSection(SolutionItems) = preProject
		.dockerignore = .dockerignore
		.gitignore = .gitignore
		Dockerfile = Dockerfile
		README.md = README.md
	EndProjectSection
EndProject
Project("{2150E333-8FDC-42A3-9474-1A3956D46DE8}") = ".docker", ".docker", "{06253892-53F5-4EB1-8CBE-8558DBDD9B70}"
EndProject
Project("{2150E333-8FDC-42A3-9474-1A3956D46DE8}") = ".tests", ".tests", "{7E0D2A84-F3DE-4406-BE71-30EE6723E6D0}"
EndProject
Project("{2150E333-8FDC-42A3-9474-1A3956D46DE8}") = ".kubernetes", ".kubernetes", "{0C4D782F-72EF-42B4-BC1B-AF4044CC863A}"
	ProjectSection(SolutionItems) = preProject
		.kubernetes\configmap.yaml = .kubernetes\configmap.yaml
		.kubernetes\cronjob.yaml = .kubernetes\cronjob.yaml
	EndProjectSection
EndProject
Project("{9A19103F-16F7-4668-BE54-9A1E7A4F7556}") = "Tests.Console.Logging.NLog", ".tests\Tests.Console.Logging.NLog\Tests.Console.Logging.NLog.csproj", "{EA602798-C127-44E3-8CBA-27E9BA269EB7}"
EndProject
Project("{E53339B2-1760-4266-BCC7-CA923CBCF16C}") = "docker-compose", ".docker\docker-compose.dcproj", "{557A0C48-DA6A-4D7C-8668-94F08A390F4B}"
EndProject
Project("{2150E333-8FDC-42A3-9474-1A3956D46DE8}") = ".nano", ".nano", "{06514BD5-76DD-468A-9B0E-398FF055B759}"
EndProject
Project("{9A19103F-16F7-4668-BE54-9A1E7A4F7556}") = "Nano.App", "..\..\Nano.Library\Nano.App\Nano.App.csproj", "{427D135E-2F7D-4C22-B437-701F2116B068}"
EndProject
Project("{2150E333-8FDC-42A3-9474-1A3956D46DE8}") = ".github", ".github", "{530D085E-BE1C-42C7-9B74-87E791DFA4A2}"
EndProject
Project("{2150E333-8FDC-42A3-9474-1A3956D46DE8}") = "config", "config", "{C5676710-E363-4808-80B5-CE2EB49DFD27}"
	ProjectSection(SolutionItems) = preProject
		.github\config\slack.yml = .github\config\slack.yml
	EndProjectSection
EndProject
Project("{2150E333-8FDC-42A3-9474-1A3956D46DE8}") = "workflows", "workflows", "{EB0103E3-FEDE-4F5B-ADCA-A3AF50A47818}"
	ProjectSection(SolutionItems) = preProject
		.github\workflows\build-and-deploy.yml = .github\workflows\build-and-deploy.yml
	EndProjectSection
EndProject
Project("{FAE04EC0-301F-11D3-BF4B-00C04F79EFBC}") = "Nano.Common", "..\..\Nano.Library\Nano.Common\Nano.Common.csproj", "{F1E2F880-3214-E0ED-03BF-4F78931C9C6E}"
EndProject
Project("{FAE04EC0-301F-11D3-BF4B-00C04F79EFBC}") = "Nano.Storage.Abstractions", "..\..\Nano.Library\Nano.Storage.Abstractions\Nano.Storage.Abstractions.csproj", "{F0FA24A3-0F7B-3962-C471-78992174D4B6}"
EndProject
Project("{FAE04EC0-301F-11D3-BF4B-00C04F79EFBC}") = "Nano.Logging.Abstractions", "..\..\Nano.Library\Nano.Logging.Abstractions\Nano.Logging.Abstractions.csproj", "{6BE9DA86-B487-64ED-7BF6-08CA10A05A97}"
EndProject
Project("{FAE04EC0-301F-11D3-BF4B-00C04F79EFBC}") = "Nano.Eventing.Abstractions", "..\..\Nano.Library\Nano.Eventing.Abstractions\Nano.Eventing.Abstractions.csproj", "{7F25283D-B5C5-8CA9-8722-E84B380905C6}"
EndProject
Project("{FAE04EC0-301F-11D3-BF4B-00C04F79EFBC}") = "Nano.Data.Abstractions", "..\..\Nano.Library\Nano.Data.Abstractions\Nano.Data.Abstractions.csproj", "{023BB767-08ED-44DE-A6BF-9A2EDE8345B7}"
EndProject
Project("{FAE04EC0-301F-11D3-BF4B-00C04F79EFBC}") = "Nano.App.Console", "..\..\Nano.Library\Nano.App.Console\Nano.App.Console.csproj", "{0095379A-0921-C55A-AFC3-64C0445A3E2B}"
EndProject
Project("{FAE04EC0-301F-11D3-BF4B-00C04F79EFBC}") = "Nano.Logging.NLog", "..\..\Nano.Library\Nano.Logging.NLog\Nano.Logging.NLog.csproj", "{EF1890AC-F965-E660-35B6-4E181BEB3ED8}"
EndProject
Project("{FAE04EC0-301F-11D3-BF4B-00C04F79EFBC}") = "Nano.Logging", "..\..\Nano.Library\Nano.Logging\Nano.Logging.csproj", "{68215D72-880F-683C-BFEE-ED19A425A5F2}"
EndProject
Global
	GlobalSection(SolutionConfigurationPlatforms) = preSolution
		Debug|Any CPU = Debug|Any CPU
		Release|Any CPU = Release|Any CPU
	EndGlobalSection
	GlobalSection(ProjectConfigurationPlatforms) = postSolution
		{C563A416-5EDD-4228-B8C7-B5AFEC141466}.Debug|Any CPU.ActiveCfg = Debug|Any CPU
		{C563A416-5EDD-4228-B8C7-B5AFEC141466}.Debug|Any CPU.Build.0 = Debug|Any CPU
		{C563A416-5EDD-4228-B8C7-B5AFEC141466}.Release|Any CPU.ActiveCfg = Release|Any CPU
		{C563A416-5EDD-4228-B8C7-B5AFEC141466}.Release|Any CPU.Build.0 = Release|Any CPU
		{EA602798-C127-44E3-8CBA-27E9BA269EB7}.Debug|Any CPU.ActiveCfg = Debug|Any CPU
		{EA602798-C127-44E3-8CBA-27E9BA269EB7}.Debug|Any CPU.Build.0 = Debug|Any CPU
		{EA602798-C127-44E3-8CBA-27E9BA269EB7}.Release|Any CPU.ActiveCfg = Release|Any CPU
		{EA602798-C127-44E3-8CBA-27E9BA269EB7}.Release|Any CPU.Build.0 = Release|Any CPU
		{557A0C48-DA6A-4D7C-8668-94F08A390F4B}.Debug|Any CPU.ActiveCfg = Debug|Any CPU
		{557A0C48-DA6A-4D7C-8668-94F08A390F4B}.Debug|Any CPU.Build.0 = Debug|Any CPU
		{557A0C48-DA6A-4D7C-8668-94F08A390F4B}.Release|Any CPU.ActiveCfg = Release|Any CPU
		{427D135E-2F7D-4C22-B437-701F2116B068}.Debug|Any CPU.ActiveCfg = Debug|Any CPU
		{427D135E-2F7D-4C22-B437-701F2116B068}.Debug|Any CPU.Build.0 = Debug|Any CPU
		{427D135E-2F7D-4C22-B437-701F2116B068}.Release|Any CPU.ActiveCfg = Release|Any CPU
		{427D135E-2F7D-4C22-B437-701F2116B068}.Release|Any CPU.Build.0 = Release|Any CPU
		{F1E2F880-3214-E0ED-03BF-4F78931C9C6E}.Debug|Any CPU.ActiveCfg = Debug|Any CPU
		{F1E2F880-3214-E0ED-03BF-4F78931C9C6E}.Debug|Any CPU.Build.0 = Debug|Any CPU
		{F1E2F880-3214-E0ED-03BF-4F78931C9C6E}.Release|Any CPU.ActiveCfg = Release|Any CPU
		{F1E2F880-3214-E0ED-03BF-4F78931C9C6E}.Release|Any CPU.Build.0 = Release|Any CPU
		{F0FA24A3-0F7B-3962-C471-78992174D4B6}.Debug|Any CPU.ActiveCfg = Debug|Any CPU
		{F0FA24A3-0F7B-3962-C471-78992174D4B6}.Debug|Any CPU.Build.0 = Debug|Any CPU
		{F0FA24A3-0F7B-3962-C471-78992174D4B6}.Release|Any CPU.ActiveCfg = Release|Any CPU
		{F0FA24A3-0F7B-3962-C471-78992174D4B6}.Release|Any CPU.Build.0 = Release|Any CPU
		{6BE9DA86-B487-64ED-7BF6-08CA10A05A97}.Debug|Any CPU.ActiveCfg = Debug|Any CPU
		{6BE9DA86-B487-64ED-7BF6-08CA10A05A97}.Debug|Any CPU.Build.0 = Debug|Any CPU
		{6BE9DA86-B487-64ED-7BF6-08CA10A05A97}.Release|Any CPU.ActiveCfg = Release|Any CPU
		{6BE9DA86-B487-64ED-7BF6-08CA10A05A97}.Release|Any CPU.Build.0 = Release|Any CPU
		{7F25283D-B5C5-8CA9-8722-E84B380905C6}.Debug|Any CPU.ActiveCfg = Debug|Any CPU
		{7F25283D-B5C5-8CA9-8722-E84B380905C6}.Debug|Any CPU.Build.0 = Debug|Any CPU
		{7F25283D-B5C5-8CA9-8722-E84B380905C6}.Release|Any CPU.ActiveCfg = Release|Any CPU
		{7F25283D-B5C5-8CA9-8722-E84B380905C6}.Release|Any CPU.Build.0 = Release|Any CPU
		{023BB767-08ED-44DE-A6BF-9A2EDE8345B7}.Debug|Any CPU.ActiveCfg = Debug|Any CPU
		{023BB767-08ED-44DE-A6BF-9A2EDE8345B7}.Debug|Any CPU.Build.0 = Debug|Any CPU
		{023BB767-08ED-44DE-A6BF-9A2EDE8345B7}.Release|Any CPU.ActiveCfg = Release|Any CPU
		{023BB767-08ED-44DE-A6BF-9A2EDE8345B7}.Release|Any CPU.Build.0 = Release|Any CPU
		{0095379A-0921-C55A-AFC3-64C0445A3E2B}.Debug|Any CPU.ActiveCfg = Debug|Any CPU
		{0095379A-0921-C55A-AFC3-64C0445A3E2B}.Debug|Any CPU.Build.0 = Debug|Any CPU
		{0095379A-0921-C55A-AFC3-64C0445A3E2B}.Release|Any CPU.ActiveCfg = Release|Any CPU
		{0095379A-0921-C55A-AFC3-64C0445A3E2B}.Release|Any CPU.Build.0 = Release|Any CPU
		{EF1890AC-F965-E660-35B6-4E181BEB3ED8}.Debug|Any CPU.ActiveCfg = Debug|Any CPU
		{EF1890AC-F965-E660-35B6-4E181BEB3ED8}.Debug|Any CPU.Build.0 = Debug|Any CPU
		{EF1890AC-F965-E660-35B6-4E181BEB3ED8}.Release|Any CPU.ActiveCfg = Release|Any CPU
		{EF1890AC-F965-E660-35B6-4E181BEB3ED8}.Release|Any CPU.Build.0 = Release|Any CPU
		{68215D72-880F-683C-BFEE-ED19A425A5F2}.Debug|Any CPU.ActiveCfg = Debug|Any CPU
		{68215D72-880F-683C-BFEE-ED19A425A5F2}.Debug|Any CPU.Build.0 = Debug|Any CPU
		{68215D72-880F-683C-BFEE-ED19A425A5F2}.Release|Any CPU.ActiveCfg = Release|Any CPU
		{68215D72-880F-683C-BFEE-ED19A425A5F2}.Release|Any CPU.Build.0 = Release|Any CPU
	EndGlobalSection
	GlobalSection(SolutionProperties) = preSolution
		HideSolutionNode = FALSE
	EndGlobalSection
	GlobalSection(NestedProjects) = preSolution
		{EA602798-C127-44E3-8CBA-27E9BA269EB7} = {7E0D2A84-F3DE-4406-BE71-30EE6723E6D0}
		{557A0C48-DA6A-4D7C-8668-94F08A390F4B} = {06253892-53F5-4EB1-8CBE-8558DBDD9B70}
		{427D135E-2F7D-4C22-B437-701F2116B068} = {06514BD5-76DD-468A-9B0E-398FF055B759}
		{C5676710-E363-4808-80B5-CE2EB49DFD27} = {530D085E-BE1C-42C7-9B74-87E791DFA4A2}
		{EB0103E3-FEDE-4F5B-ADCA-A3AF50A47818} = {530D085E-BE1C-42C7-9B74-87E791DFA4A2}
		{F1E2F880-3214-E0ED-03BF-4F78931C9C6E} = {06514BD5-76DD-468A-9B0E-398FF055B759}
		{F0FA24A3-0F7B-3962-C471-78992174D4B6} = {06514BD5-76DD-468A-9B0E-398FF055B759}
		{6BE9DA86-B487-64ED-7BF6-08CA10A05A97} = {06514BD5-76DD-468A-9B0E-398FF055B759}
		{7F25283D-B5C5-8CA9-8722-E84B380905C6} = {06514BD5-76DD-468A-9B0E-398FF055B759}
		{023BB767-08ED-44DE-A6BF-9A2EDE8345B7} = {06514BD5-76DD-468A-9B0E-398FF055B759}
		{0095379A-0921-C55A-AFC3-64C0445A3E2B} = {06514BD5-76DD-468A-9B0E-398FF055B759}
		{EF1890AC-F965-E660-35B6-4E181BEB3ED8} = {06514BD5-76DD-468A-9B0E-398FF055B759}
		{68215D72-880F-683C-BFEE-ED19A425A5F2} = {06514BD5-76DD-468A-9B0E-398FF055B759}
	EndGlobalSection
	GlobalSection(ExtensibilityGlobals) = postSolution
		SolutionGuid = {72ED70A7-E1BB-4D06-B6FD-E092DA575FBE}
	EndGlobalSection
EndGlobal
